
Microsoft Visual Studio Solution File, Format Version 12.00
# Visual Studio 15
VisualStudioVersion = 15.0.27130.2036
MinimumVisualStudioVersion = 10.0.40219.1
Project("{9A19103F-16F7-4668-BE54-9A1E7A4F7556}") = "AuraAndTheChamberOfSecrets", "AuraAndTheChamberOfSecrets\AuraAndTheChamberOfSecrets.csproj", "{7DFE9756-E2F4-46E1-8F48-9092EFB90C0F}"
EndProject
Project("{9A19103F-16F7-4668-BE54-9A1E7A4F7556}") = "AuraAndTheChamberOfSecrets.Models", "AuraAndTheChamberOfSecrets.Models\AuraAndTheChamberOfSecrets.Models.csproj", "{90D1D8E5-EE49-431A-B864-E79205F0E5A0}"
EndProject
Project("{9A19103F-16F7-4668-BE54-9A1E7A4F7556}") = "AuraAndTheChamberOfSecrets.Repo", "AuraAndTheChamberOfSecrets.Repo\AuraAndTheChamberOfSecrets.Repo.csproj", "{8DC2EA49-A6D0-4C0A-8345-403A5DCEA54F}"
EndProject
Project("{9A19103F-16F7-4668-BE54-9A1E7A4F7556}") = "AuraAndTheChamberOfSecrets.Services", "AuraAndTheChamberOfSecrets.Services\AuraAndTheChamberOfSecrets.Services.csproj", "{2A9DA5B8-737A-4402-9E84-585D44D89502}"
EndProject
Project("{2150E333-8FDC-42A3-9474-1A3956D46DE8}") = "Solution Items", "Solution Items", "{AE3FB083-2F23-4AF3-A89D-C1173788264C}"
	ProjectSection(SolutionItems) = preProject
		README.md = README.md
	EndProjectSection
EndProject
Global
	GlobalSection(SolutionConfigurationPlatforms) = preSolution
		Debug|Any CPU = Debug|Any CPU
		Release|Any CPU = Release|Any CPU
	EndGlobalSection
	GlobalSection(ProjectConfigurationPlatforms) = postSolution
		{7DFE9756-E2F4-46E1-8F48-9092EFB90C0F}.Debug|Any CPU.ActiveCfg = Debug|Any CPU
		{7DFE9756-E2F4-46E1-8F48-9092EFB90C0F}.Debug|Any CPU.Build.0 = Debug|Any CPU
		{7DFE9756-E2F4-46E1-8F48-9092EFB90C0F}.Release|Any CPU.ActiveCfg = Release|Any CPU
		{7DFE9756-E2F4-46E1-8F48-9092EFB90C0F}.Release|Any CPU.Build.0 = Release|Any CPU
		{90D1D8E5-EE49-431A-B864-E79205F0E5A0}.Debug|Any CPU.ActiveCfg = Debug|Any CPU
		{90D1D8E5-EE49-431A-B864-E79205F0E5A0}.Debug|Any CPU.Build.0 = Debug|Any CPU
		{90D1D8E5-EE49-431A-B864-E79205F0E5A0}.Release|Any CPU.ActiveCfg = Release|Any CPU
		{90D1D8E5-EE49-431A-B864-E79205F0E5A0}.Release|Any CPU.Build.0 = Release|Any CPU
		{8DC2EA49-A6D0-4C0A-8345-403A5DCEA54F}.Debug|Any CPU.ActiveCfg = Debug|Any CPU
		{8DC2EA49-A6D0-4C0A-8345-403A5DCEA54F}.Debug|Any CPU.Build.0 = Debug|Any CPU
		{8DC2EA49-A6D0-4C0A-8345-403A5DCEA54F}.Release|Any CPU.ActiveCfg = Release|Any CPU
		{8DC2EA49-A6D0-4C0A-8345-403A5DCEA54F}.Release|Any CPU.Build.0 = Release|Any CPU
		{2A9DA5B8-737A-4402-9E84-585D44D89502}.Debug|Any CPU.ActiveCfg = Debug|Any CPU
		{2A9DA5B8-737A-4402-9E84-585D44D89502}.Debug|Any CPU.Build.0 = Debug|Any CPU
		{2A9DA5B8-737A-4402-9E84-585D44D89502}.Release|Any CPU.ActiveCfg = Release|Any CPU
		{2A9DA5B8-737A-4402-9E84-585D44D89502}.Release|Any CPU.Build.0 = Release|Any CPU
	EndGlobalSection
	GlobalSection(SolutionProperties) = preSolution
		HideSolutionNode = FALSE
	EndGlobalSection
	GlobalSection(ExtensibilityGlobals) = postSolution
		SolutionGuid = {73D8C19A-91C4-4116-9E61-7ECE6F087890}
	EndGlobalSection
EndGlobal
