
Microsoft Visual Studio Solution File, Format Version 12.00
# Visual Studio 15
VisualStudioVersion = 15.0.27130.2036
MinimumVisualStudioVersion = 10.0.40219.1
Project("{FAE04EC0-301F-11D3-BF4B-00C04F79EFBC}") = "AuraAndTheChamberOfSecrets", "AuraAndTheChamberOfSecrets\AuraAndTheChamberOfSecrets.csproj", "{7DFE9756-E2F4-46E1-8F48-9092EFB90C0F}"
EndProject
Global
	GlobalSection(SolutionConfigurationPlatforms) = preSolution
		Debug|Any CPU = Debug|Any CPU
		Release|Any CPU = Release|Any CPU
	EndGlobalSection
	GlobalSection(ProjectConfigurationPlatforms) = postSolution
		{7DFE9756-E2F4-46E1-8F48-9092EFB90C0F}.Debug|Any CPU.ActiveCfg = Debug|Any CPU
		{7DFE9756-E2F4-46E1-8F48-9092EFB90C0F}.Debug|Any CPU.Build.0 = Debug|Any CPU
		{7DFE9756-E2F4-46E1-8F48-9092EFB90C0F}.Release|Any CPU.ActiveCfg = Release|Any CPU
		{7DFE9756-E2F4-46E1-8F48-9092EFB90C0F}.Release|Any CPU.Build.0 = Release|Any CPU
	EndGlobalSection
	GlobalSection(SolutionProperties) = preSolution
		HideSolutionNode = FALSE
	EndGlobalSection
	GlobalSection(ExtensibilityGlobals) = postSolution
		SolutionGuid = {73D8C19A-91C4-4116-9E61-7ECE6F087890}
	EndGlobalSection
EndGlobal
